
Microsoft Visual Studio Solution File, Format Version 12.00
# Visual Studio Version 16
VisualStudioVersion = 16.0.29920.165
MinimumVisualStudioVersion = 10.0.40219.1
Project("{2150E333-8FDC-42A3-9474-1A3956D46DE8}") = "Presentation", "Presentation", "{E4B121D3-CCDE-4A10-9DEF-9A36AB9F9297}"
EndProject
Project("{FAE04EC0-301F-11D3-BF4B-00C04F79EFBC}") = "AnnstoreShop.Web", "Presentation\AnnstoreShop.Web\AnnstoreShop.Web.csproj", "{EF85DD07-4B87-4CAE-A751-9CF43B4F1B80}"
EndProject
Project("{2150E333-8FDC-42A3-9474-1A3956D46DE8}") = "Domain", "Domain", "{250A31DE-63B2-49A2-A198-B3C34F589C4E}"
EndProject
Project("{FAE04EC0-301F-11D3-BF4B-00C04F79EFBC}") = "Annstore.Core", "Domain\Annstore.Core\Annstore.Core.csproj", "{0240674F-B64B-41A7-BF30-0B13E7BF1C79}"
EndProject
Project("{FAE04EC0-301F-11D3-BF4B-00C04F79EFBC}") = "Annstore.Services", "Domain\Annstore.Services\Annstore.Services.csproj", "{B87F2AC7-8314-4F34-8CE8-10D36BDE8098}"
EndProject
Project("{FAE04EC0-301F-11D3-BF4B-00C04F79EFBC}") = "Annstore.Data", "Domain\Annstore.Data\Annstore.Data.csproj", "{86D1FB53-4C44-4403-97BE-E4AB6A3D377A}"
EndProject
Global
	GlobalSection(SolutionConfigurationPlatforms) = preSolution
		Debug|Any CPU = Debug|Any CPU
		Release|Any CPU = Release|Any CPU
	EndGlobalSection
	GlobalSection(ProjectConfigurationPlatforms) = postSolution
		{EF85DD07-4B87-4CAE-A751-9CF43B4F1B80}.Debug|Any CPU.ActiveCfg = Debug|Any CPU
		{EF85DD07-4B87-4CAE-A751-9CF43B4F1B80}.Debug|Any CPU.Build.0 = Debug|Any CPU
		{EF85DD07-4B87-4CAE-A751-9CF43B4F1B80}.Release|Any CPU.ActiveCfg = Release|Any CPU
		{EF85DD07-4B87-4CAE-A751-9CF43B4F1B80}.Release|Any CPU.Build.0 = Release|Any CPU
		{0240674F-B64B-41A7-BF30-0B13E7BF1C79}.Debug|Any CPU.ActiveCfg = Debug|Any CPU
		{0240674F-B64B-41A7-BF30-0B13E7BF1C79}.Debug|Any CPU.Build.0 = Debug|Any CPU
		{0240674F-B64B-41A7-BF30-0B13E7BF1C79}.Release|Any CPU.ActiveCfg = Release|Any CPU
		{0240674F-B64B-41A7-BF30-0B13E7BF1C79}.Release|Any CPU.Build.0 = Release|Any CPU
		{B87F2AC7-8314-4F34-8CE8-10D36BDE8098}.Debug|Any CPU.ActiveCfg = Debug|Any CPU
		{B87F2AC7-8314-4F34-8CE8-10D36BDE8098}.Debug|Any CPU.Build.0 = Debug|Any CPU
		{B87F2AC7-8314-4F34-8CE8-10D36BDE8098}.Release|Any CPU.ActiveCfg = Release|Any CPU
		{B87F2AC7-8314-4F34-8CE8-10D36BDE8098}.Release|Any CPU.Build.0 = Release|Any CPU
		{86D1FB53-4C44-4403-97BE-E4AB6A3D377A}.Debug|Any CPU.ActiveCfg = Debug|Any CPU
		{86D1FB53-4C44-4403-97BE-E4AB6A3D377A}.Debug|Any CPU.Build.0 = Debug|Any CPU
		{86D1FB53-4C44-4403-97BE-E4AB6A3D377A}.Release|Any CPU.ActiveCfg = Release|Any CPU
		{86D1FB53-4C44-4403-97BE-E4AB6A3D377A}.Release|Any CPU.Build.0 = Release|Any CPU
	EndGlobalSection
	GlobalSection(SolutionProperties) = preSolution
		HideSolutionNode = FALSE
	EndGlobalSection
	GlobalSection(NestedProjects) = preSolution
		{EF85DD07-4B87-4CAE-A751-9CF43B4F1B80} = {E4B121D3-CCDE-4A10-9DEF-9A36AB9F9297}
		{0240674F-B64B-41A7-BF30-0B13E7BF1C79} = {250A31DE-63B2-49A2-A198-B3C34F589C4E}
		{B87F2AC7-8314-4F34-8CE8-10D36BDE8098} = {250A31DE-63B2-49A2-A198-B3C34F589C4E}
		{86D1FB53-4C44-4403-97BE-E4AB6A3D377A} = {250A31DE-63B2-49A2-A198-B3C34F589C4E}
	EndGlobalSection
	GlobalSection(ExtensibilityGlobals) = postSolution
		SolutionGuid = {F2791539-A026-4016-A8AE-03BDAB6FA16F}
	EndGlobalSection
EndGlobal
