
Microsoft Visual Studio Solution File, Format Version 12.00
# Visual Studio Version 16
VisualStudioVersion = 16.0.29920.165
MinimumVisualStudioVersion = 10.0.40219.1
Project("{2150E333-8FDC-42A3-9474-1A3956D46DE8}") = "Presentation", "Presentation", "{E4B121D3-CCDE-4A10-9DEF-9A36AB9F9297}"
EndProject
Project("{9A19103F-16F7-4668-BE54-9A1E7A4F7556}") = "Annstore.Web", "Presentation\Annstore.Web\Annstore.Web.csproj", "{EF85DD07-4B87-4CAE-A751-9CF43B4F1B80}"
EndProject
Project("{2150E333-8FDC-42A3-9474-1A3956D46DE8}") = "Domain", "Domain", "{250A31DE-63B2-49A2-A198-B3C34F589C4E}"
EndProject
Project("{9A19103F-16F7-4668-BE54-9A1E7A4F7556}") = "Annstore.Core", "Domain\Annstore.Core\Annstore.Core.csproj", "{0240674F-B64B-41A7-BF30-0B13E7BF1C79}"
EndProject
Project("{9A19103F-16F7-4668-BE54-9A1E7A4F7556}") = "Annstore.Services", "Domain\Annstore.Services\Annstore.Services.csproj", "{B87F2AC7-8314-4F34-8CE8-10D36BDE8098}"
EndProject
Project("{9A19103F-16F7-4668-BE54-9A1E7A4F7556}") = "Annstore.Data", "Infrastructure\Annstore.Data\Annstore.Data.csproj", "{86D1FB53-4C44-4403-97BE-E4AB6A3D377A}"
EndProject
Project("{2150E333-8FDC-42A3-9474-1A3956D46DE8}") = "Test", "Test", "{06F6FAD6-6521-40EC-953D-3EEB204FF669}"
EndProject
Project("{9A19103F-16F7-4668-BE54-9A1E7A4F7556}") = "Annstore.Services.Tests", "Test\Annstore.Services.Tests\Annstore.Services.Tests.csproj", "{1EA0D4B6-9FE4-4D20-B378-CD31990C4DD7}"
EndProject
Project("{9A19103F-16F7-4668-BE54-9A1E7A4F7556}") = "Annstore.TestHelper", "Test\TestHelper\Annstore.TestHelper.csproj", "{41D5E3C8-0FF6-46BC-B169-62B21FBA7911}"
EndProject
Project("{9A19103F-16F7-4668-BE54-9A1E7A4F7556}") = "Annstore.Web.Tests", "Test\Annstore.Web.Tests\Annstore.Web.Tests.csproj", "{8385799D-896E-4126-BAB8-54A2EF94A48E}"
EndProject
Project("{2150E333-8FDC-42A3-9474-1A3956D46DE8}") = "Infrastructure", "Infrastructure", "{BB788F58-456C-4160-BA1B-51978AD62A2F}"
EndProject
Project("{9A19103F-16F7-4668-BE54-9A1E7A4F7556}") = "Annstore.Application", "Presentation\Annstore.Application\Annstore.Application.csproj", "{F4683A69-E755-4839-A5EB-015E7FF8454E}"
EndProject
Project("{9A19103F-16F7-4668-BE54-9A1E7A4F7556}") = "Annstore.Application.Tests", "Test\Annstore.Application.Tests\Annstore.Application.Tests.csproj", "{21318EC1-117E-44FA-B8CD-4138689181EF}"
EndProject
Project("{9A19103F-16F7-4668-BE54-9A1E7A4F7556}") = "Annstore.Auth", "Infrastructure\Annstore.Auth\Annstore.Auth.csproj", "{EC9EE6B2-4733-4BCB-AC25-07EBA2185DA1}"
EndProject
Project("{9A19103F-16F7-4668-BE54-9A1E7A4F7556}") = "Annstore.Auth.Tests", "Test\Annstore.Auth.Tests\Annstore.Auth.Tests.csproj", "{418BF7F1-3A42-4810-ABA9-9A0AD9DD224D}"
EndProject
Project("{9A19103F-16F7-4668-BE54-9A1E7A4F7556}") = "Annstore.Web.IntegratedTests", "Test\Integrated\Annstore.Web.IntegratedTests\Annstore.Web.IntegratedTests.csproj", "{BDD0A868-7ECF-4545-B468-05DEDD3E2F76}"
EndProject
Project("{2150E333-8FDC-42A3-9474-1A3956D46DE8}") = "Integrated", "Integrated", "{0A13696B-BF44-4899-998B-DCEB5F39F504}"
EndProject
Project("{9A19103F-16F7-4668-BE54-9A1E7A4F7556}") = "Annstore.Query", "Infrastructure\Annstore.Query\Annstore.Query.csproj", "{840C30C5-1A79-417E-B04C-FB370F1E04E8}"
EndProject
Project("{9A19103F-16F7-4668-BE54-9A1E7A4F7556}") = "Annstore.DataMixture", "Infrastructure\Annstore.DataMixture\Annstore.DataMixture.csproj", "{427A9760-DD75-40B0-8D2F-7BB32F92F553}"
EndProject
Project("{9A19103F-16F7-4668-BE54-9A1E7A4F7556}") = "Annstore.DataMixture.Tests", "Test\Annstore.DataMixture.Tests\Annstore.DataMixture.Tests.csproj", "{0E4A802A-670D-4876-AA64-FEE242832D5C}"
EndProject
Project("{FAE04EC0-301F-11D3-BF4B-00C04F79EFBC}") = "Annstore.Framework", "Presentation\Annstore.Framework\Annstore.Framework.csproj", "{1137D823-7268-4FF2-BDBF-C1FCDD6145A1}"
EndProject
Global
	GlobalSection(SolutionConfigurationPlatforms) = preSolution
		Debug|Any CPU = Debug|Any CPU
		Release|Any CPU = Release|Any CPU
	EndGlobalSection
	GlobalSection(ProjectConfigurationPlatforms) = postSolution
		{EF85DD07-4B87-4CAE-A751-9CF43B4F1B80}.Debug|Any CPU.ActiveCfg = Debug|Any CPU
		{EF85DD07-4B87-4CAE-A751-9CF43B4F1B80}.Debug|Any CPU.Build.0 = Debug|Any CPU
		{EF85DD07-4B87-4CAE-A751-9CF43B4F1B80}.Release|Any CPU.ActiveCfg = Release|Any CPU
		{EF85DD07-4B87-4CAE-A751-9CF43B4F1B80}.Release|Any CPU.Build.0 = Release|Any CPU
		{0240674F-B64B-41A7-BF30-0B13E7BF1C79}.Debug|Any CPU.ActiveCfg = Debug|Any CPU
		{0240674F-B64B-41A7-BF30-0B13E7BF1C79}.Debug|Any CPU.Build.0 = Debug|Any CPU
		{0240674F-B64B-41A7-BF30-0B13E7BF1C79}.Release|Any CPU.ActiveCfg = Release|Any CPU
		{0240674F-B64B-41A7-BF30-0B13E7BF1C79}.Release|Any CPU.Build.0 = Release|Any CPU
		{B87F2AC7-8314-4F34-8CE8-10D36BDE8098}.Debug|Any CPU.ActiveCfg = Debug|Any CPU
		{B87F2AC7-8314-4F34-8CE8-10D36BDE8098}.Debug|Any CPU.Build.0 = Debug|Any CPU
		{B87F2AC7-8314-4F34-8CE8-10D36BDE8098}.Release|Any CPU.ActiveCfg = Release|Any CPU
		{B87F2AC7-8314-4F34-8CE8-10D36BDE8098}.Release|Any CPU.Build.0 = Release|Any CPU
		{86D1FB53-4C44-4403-97BE-E4AB6A3D377A}.Debug|Any CPU.ActiveCfg = Debug|Any CPU
		{86D1FB53-4C44-4403-97BE-E4AB6A3D377A}.Debug|Any CPU.Build.0 = Debug|Any CPU
		{86D1FB53-4C44-4403-97BE-E4AB6A3D377A}.Release|Any CPU.ActiveCfg = Release|Any CPU
		{86D1FB53-4C44-4403-97BE-E4AB6A3D377A}.Release|Any CPU.Build.0 = Release|Any CPU
		{1EA0D4B6-9FE4-4D20-B378-CD31990C4DD7}.Debug|Any CPU.ActiveCfg = Debug|Any CPU
		{1EA0D4B6-9FE4-4D20-B378-CD31990C4DD7}.Debug|Any CPU.Build.0 = Debug|Any CPU
		{1EA0D4B6-9FE4-4D20-B378-CD31990C4DD7}.Release|Any CPU.ActiveCfg = Release|Any CPU
		{1EA0D4B6-9FE4-4D20-B378-CD31990C4DD7}.Release|Any CPU.Build.0 = Release|Any CPU
		{41D5E3C8-0FF6-46BC-B169-62B21FBA7911}.Debug|Any CPU.ActiveCfg = Debug|Any CPU
		{41D5E3C8-0FF6-46BC-B169-62B21FBA7911}.Debug|Any CPU.Build.0 = Debug|Any CPU
		{41D5E3C8-0FF6-46BC-B169-62B21FBA7911}.Release|Any CPU.ActiveCfg = Release|Any CPU
		{41D5E3C8-0FF6-46BC-B169-62B21FBA7911}.Release|Any CPU.Build.0 = Release|Any CPU
		{8385799D-896E-4126-BAB8-54A2EF94A48E}.Debug|Any CPU.ActiveCfg = Debug|Any CPU
		{8385799D-896E-4126-BAB8-54A2EF94A48E}.Debug|Any CPU.Build.0 = Debug|Any CPU
		{8385799D-896E-4126-BAB8-54A2EF94A48E}.Release|Any CPU.ActiveCfg = Release|Any CPU
		{8385799D-896E-4126-BAB8-54A2EF94A48E}.Release|Any CPU.Build.0 = Release|Any CPU
		{F4683A69-E755-4839-A5EB-015E7FF8454E}.Debug|Any CPU.ActiveCfg = Debug|Any CPU
		{F4683A69-E755-4839-A5EB-015E7FF8454E}.Debug|Any CPU.Build.0 = Debug|Any CPU
		{F4683A69-E755-4839-A5EB-015E7FF8454E}.Release|Any CPU.ActiveCfg = Release|Any CPU
		{F4683A69-E755-4839-A5EB-015E7FF8454E}.Release|Any CPU.Build.0 = Release|Any CPU
		{21318EC1-117E-44FA-B8CD-4138689181EF}.Debug|Any CPU.ActiveCfg = Debug|Any CPU
		{21318EC1-117E-44FA-B8CD-4138689181EF}.Debug|Any CPU.Build.0 = Debug|Any CPU
		{21318EC1-117E-44FA-B8CD-4138689181EF}.Release|Any CPU.ActiveCfg = Release|Any CPU
		{21318EC1-117E-44FA-B8CD-4138689181EF}.Release|Any CPU.Build.0 = Release|Any CPU
		{EC9EE6B2-4733-4BCB-AC25-07EBA2185DA1}.Debug|Any CPU.ActiveCfg = Debug|Any CPU
		{EC9EE6B2-4733-4BCB-AC25-07EBA2185DA1}.Debug|Any CPU.Build.0 = Debug|Any CPU
		{EC9EE6B2-4733-4BCB-AC25-07EBA2185DA1}.Release|Any CPU.ActiveCfg = Release|Any CPU
		{EC9EE6B2-4733-4BCB-AC25-07EBA2185DA1}.Release|Any CPU.Build.0 = Release|Any CPU
		{418BF7F1-3A42-4810-ABA9-9A0AD9DD224D}.Debug|Any CPU.ActiveCfg = Debug|Any CPU
		{418BF7F1-3A42-4810-ABA9-9A0AD9DD224D}.Debug|Any CPU.Build.0 = Debug|Any CPU
		{418BF7F1-3A42-4810-ABA9-9A0AD9DD224D}.Release|Any CPU.ActiveCfg = Release|Any CPU
		{418BF7F1-3A42-4810-ABA9-9A0AD9DD224D}.Release|Any CPU.Build.0 = Release|Any CPU
		{BDD0A868-7ECF-4545-B468-05DEDD3E2F76}.Debug|Any CPU.ActiveCfg = Debug|Any CPU
		{BDD0A868-7ECF-4545-B468-05DEDD3E2F76}.Debug|Any CPU.Build.0 = Debug|Any CPU
		{BDD0A868-7ECF-4545-B468-05DEDD3E2F76}.Release|Any CPU.ActiveCfg = Release|Any CPU
		{BDD0A868-7ECF-4545-B468-05DEDD3E2F76}.Release|Any CPU.Build.0 = Release|Any CPU
		{840C30C5-1A79-417E-B04C-FB370F1E04E8}.Debug|Any CPU.ActiveCfg = Debug|Any CPU
		{840C30C5-1A79-417E-B04C-FB370F1E04E8}.Debug|Any CPU.Build.0 = Debug|Any CPU
		{840C30C5-1A79-417E-B04C-FB370F1E04E8}.Release|Any CPU.ActiveCfg = Release|Any CPU
		{840C30C5-1A79-417E-B04C-FB370F1E04E8}.Release|Any CPU.Build.0 = Release|Any CPU
		{427A9760-DD75-40B0-8D2F-7BB32F92F553}.Debug|Any CPU.ActiveCfg = Debug|Any CPU
		{427A9760-DD75-40B0-8D2F-7BB32F92F553}.Debug|Any CPU.Build.0 = Debug|Any CPU
		{427A9760-DD75-40B0-8D2F-7BB32F92F553}.Release|Any CPU.ActiveCfg = Release|Any CPU
		{427A9760-DD75-40B0-8D2F-7BB32F92F553}.Release|Any CPU.Build.0 = Release|Any CPU
		{0E4A802A-670D-4876-AA64-FEE242832D5C}.Debug|Any CPU.ActiveCfg = Debug|Any CPU
		{0E4A802A-670D-4876-AA64-FEE242832D5C}.Debug|Any CPU.Build.0 = Debug|Any CPU
		{0E4A802A-670D-4876-AA64-FEE242832D5C}.Release|Any CPU.ActiveCfg = Release|Any CPU
		{0E4A802A-670D-4876-AA64-FEE242832D5C}.Release|Any CPU.Build.0 = Release|Any CPU
		{1137D823-7268-4FF2-BDBF-C1FCDD6145A1}.Debug|Any CPU.ActiveCfg = Debug|Any CPU
		{1137D823-7268-4FF2-BDBF-C1FCDD6145A1}.Debug|Any CPU.Build.0 = Debug|Any CPU
		{1137D823-7268-4FF2-BDBF-C1FCDD6145A1}.Release|Any CPU.ActiveCfg = Release|Any CPU
		{1137D823-7268-4FF2-BDBF-C1FCDD6145A1}.Release|Any CPU.Build.0 = Release|Any CPU
	EndGlobalSection
	GlobalSection(SolutionProperties) = preSolution
		HideSolutionNode = FALSE
	EndGlobalSection
	GlobalSection(NestedProjects) = preSolution
		{EF85DD07-4B87-4CAE-A751-9CF43B4F1B80} = {E4B121D3-CCDE-4A10-9DEF-9A36AB9F9297}
		{0240674F-B64B-41A7-BF30-0B13E7BF1C79} = {250A31DE-63B2-49A2-A198-B3C34F589C4E}
		{B87F2AC7-8314-4F34-8CE8-10D36BDE8098} = {250A31DE-63B2-49A2-A198-B3C34F589C4E}
		{86D1FB53-4C44-4403-97BE-E4AB6A3D377A} = {BB788F58-456C-4160-BA1B-51978AD62A2F}
		{1EA0D4B6-9FE4-4D20-B378-CD31990C4DD7} = {06F6FAD6-6521-40EC-953D-3EEB204FF669}
		{41D5E3C8-0FF6-46BC-B169-62B21FBA7911} = {06F6FAD6-6521-40EC-953D-3EEB204FF669}
		{8385799D-896E-4126-BAB8-54A2EF94A48E} = {06F6FAD6-6521-40EC-953D-3EEB204FF669}
		{F4683A69-E755-4839-A5EB-015E7FF8454E} = {E4B121D3-CCDE-4A10-9DEF-9A36AB9F9297}
		{21318EC1-117E-44FA-B8CD-4138689181EF} = {06F6FAD6-6521-40EC-953D-3EEB204FF669}
		{EC9EE6B2-4733-4BCB-AC25-07EBA2185DA1} = {BB788F58-456C-4160-BA1B-51978AD62A2F}
		{418BF7F1-3A42-4810-ABA9-9A0AD9DD224D} = {06F6FAD6-6521-40EC-953D-3EEB204FF669}
		{BDD0A868-7ECF-4545-B468-05DEDD3E2F76} = {0A13696B-BF44-4899-998B-DCEB5F39F504}
		{0A13696B-BF44-4899-998B-DCEB5F39F504} = {06F6FAD6-6521-40EC-953D-3EEB204FF669}
		{840C30C5-1A79-417E-B04C-FB370F1E04E8} = {BB788F58-456C-4160-BA1B-51978AD62A2F}
		{427A9760-DD75-40B0-8D2F-7BB32F92F553} = {BB788F58-456C-4160-BA1B-51978AD62A2F}
		{0E4A802A-670D-4876-AA64-FEE242832D5C} = {06F6FAD6-6521-40EC-953D-3EEB204FF669}
		{1137D823-7268-4FF2-BDBF-C1FCDD6145A1} = {E4B121D3-CCDE-4A10-9DEF-9A36AB9F9297}
	EndGlobalSection
	GlobalSection(ExtensibilityGlobals) = postSolution
		SolutionGuid = {F2791539-A026-4016-A8AE-03BDAB6FA16F}
	EndGlobalSection
EndGlobal
